// !$*UTF8*$!
{
	archiveVersion = 1;
	classes = {
	};
	objectVersion = 48;
	objects = {

/* Begin PBXBuildFile section */
		E0ADC1E82027530E0074AF45 /* AppDelegate.swift in Sources */ = {isa = PBXBuildFile; fileRef = E0ADC1E72027530E0074AF45 /* AppDelegate.swift */; };
		E0ADC1ED2027530E0074AF45 /* Main.storyboard in Resources */ = {isa = PBXBuildFile; fileRef = E0ADC1EB2027530E0074AF45 /* Main.storyboard */; };
		E0ADC1EF2027530E0074AF45 /* Assets.xcassets in Resources */ = {isa = PBXBuildFile; fileRef = E0ADC1EE2027530E0074AF45 /* Assets.xcassets */; };
		E0ADC1F22027530E0074AF45 /* LaunchScreen.storyboard in Resources */ = {isa = PBXBuildFile; fileRef = E0ADC1F02027530E0074AF45 /* LaunchScreen.storyboard */; };
		E0ADC1FA202753890074AF45 /* Photo.swift in Sources */ = {isa = PBXBuildFile; fileRef = E0ADC1F9202753890074AF45 /* Photo.swift */; };
		E0ADC1FC2027567A0074AF45 /* Photos.plist in Resources */ = {isa = PBXBuildFile; fileRef = E0ADC1FB2027567A0074AF45 /* Photos.plist */; };
		E0ADC1FE202756B90074AF45 /* UIImage+Decompression.swift in Sources */ = {isa = PBXBuildFile; fileRef = E0ADC1FD202756B90074AF45 /* UIImage+Decompression.swift */; };
		E0ADC2002027578E0074AF45 /* RoundedCornersView.swift in Sources */ = {isa = PBXBuildFile; fileRef = E0ADC1FF2027578E0074AF45 /* RoundedCornersView.swift */; };
		E0ADC202202758E50074AF45 /* PhotoStreamViewController.swift in Sources */ = {isa = PBXBuildFile; fileRef = E0ADC201202758E40074AF45 /* PhotoStreamViewController.swift */; };
		E0ADC204202759F00074AF45 /* PinterestLayout.swift in Sources */ = {isa = PBXBuildFile; fileRef = E0ADC203202759F00074AF45 /* PinterestLayout.swift */; };
		E0ADC20620275A590074AF45 /* AnnotatedPhotoCell.swift in Sources */ = {isa = PBXBuildFile; fileRef = E0ADC20520275A590074AF45 /* AnnotatedPhotoCell.swift */; };
		E0ADC20820277A9B0074AF45 /* Simulator Screen Shot - iPhone 6 - 2018-02-04 at 09.28.14.png in Resources */ = {isa = PBXBuildFile; fileRef = E0ADC20720277A9A0074AF45 /* Simulator Screen Shot - iPhone 6 - 2018-02-04 at 09.28.14.png */; };
		E0ADC20A20277AA40074AF45 /* Simulator Screen Shot - iPhone 6 - 2018-02-04 at 09.28.28.png in Resources */ = {isa = PBXBuildFile; fileRef = E0ADC20920277AA40074AF45 /* Simulator Screen Shot - iPhone 6 - 2018-02-04 at 09.28.28.png */; };
		E0ADC20C20277AA90074AF45 /* Simulator Screen Shot - iPhone 6 - 2018-02-04 at 09.28.00.png in Resources */ = {isa = PBXBuildFile; fileRef = E0ADC20B20277AA90074AF45 /* Simulator Screen Shot - iPhone 6 - 2018-02-04 at 09.28.00.png */; };
/* End PBXBuildFile section */

/* Begin PBXFileReference section */
		E0ADC1E42027530D0074AF45 /* PinterestRaywenderlich.app */ = {isa = PBXFileReference; explicitFileType = wrapper.application; includeInIndex = 0; path = PinterestRaywenderlich.app; sourceTree = BUILT_PRODUCTS_DIR; };
		E0ADC1E72027530E0074AF45 /* AppDelegate.swift */ = {isa = PBXFileReference; lastKnownFileType = sourcecode.swift; path = AppDelegate.swift; sourceTree = "<group>"; };
		E0ADC1EC2027530E0074AF45 /* Base */ = {isa = PBXFileReference; lastKnownFileType = file.storyboard; name = Base; path = Base.lproj/Main.storyboard; sourceTree = "<group>"; };
		E0ADC1EE2027530E0074AF45 /* Assets.xcassets */ = {isa = PBXFileReference; lastKnownFileType = folder.assetcatalog; path = Assets.xcassets; sourceTree = "<group>"; };
		E0ADC1F12027530E0074AF45 /* Base */ = {isa = PBXFileReference; lastKnownFileType = file.storyboard; name = Base; path = Base.lproj/LaunchScreen.storyboard; sourceTree = "<group>"; };
		E0ADC1F32027530E0074AF45 /* Info.plist */ = {isa = PBXFileReference; lastKnownFileType = text.plist.xml; path = Info.plist; sourceTree = "<group>"; };
		E0ADC1F9202753890074AF45 /* Photo.swift */ = {isa = PBXFileReference; fileEncoding = 4; lastKnownFileType = sourcecode.swift; path = Photo.swift; sourceTree = "<group>"; };
		E0ADC1FB2027567A0074AF45 /* Photos.plist */ = {isa = PBXFileReference; fileEncoding = 4; lastKnownFileType = text.plist.xml; path = Photos.plist; sourceTree = "<group>"; };
		E0ADC1FD202756B90074AF45 /* UIImage+Decompression.swift */ = {isa = PBXFileReference; fileEncoding = 4; lastKnownFileType = sourcecode.swift; path = "UIImage+Decompression.swift"; sourceTree = "<group>"; };
		E0ADC1FF2027578E0074AF45 /* RoundedCornersView.swift */ = {isa = PBXFileReference; fileEncoding = 4; lastKnownFileType = sourcecode.swift; path = RoundedCornersView.swift; sourceTree = "<group>"; };
		E0ADC201202758E40074AF45 /* PhotoStreamViewController.swift */ = {isa = PBXFileReference; fileEncoding = 4; lastKnownFileType = sourcecode.swift; path = PhotoStreamViewController.swift; sourceTree = "<group>"; };
		E0ADC203202759F00074AF45 /* PinterestLayout.swift */ = {isa = PBXFileReference; fileEncoding = 4; lastKnownFileType = sourcecode.swift; path = PinterestLayout.swift; sourceTree = "<group>"; };
		E0ADC20520275A590074AF45 /* AnnotatedPhotoCell.swift */ = {isa = PBXFileReference; fileEncoding = 4; lastKnownFileType = sourcecode.swift; path = AnnotatedPhotoCell.swift; sourceTree = "<group>"; };
		E0ADC20720277A9A0074AF45 /* Simulator Screen Shot - iPhone 6 - 2018-02-04 at 09.28.14.png */ = {isa = PBXFileReference; lastKnownFileType = image.png; path = "Simulator Screen Shot - iPhone 6 - 2018-02-04 at 09.28.14.png"; sourceTree = "<group>"; };
		E0ADC20920277AA40074AF45 /* Simulator Screen Shot - iPhone 6 - 2018-02-04 at 09.28.28.png */ = {isa = PBXFileReference; lastKnownFileType = image.png; path = "Simulator Screen Shot - iPhone 6 - 2018-02-04 at 09.28.28.png"; sourceTree = "<group>"; };
		E0ADC20B20277AA90074AF45 /* Simulator Screen Shot - iPhone 6 - 2018-02-04 at 09.28.00.png */ = {isa = PBXFileReference; lastKnownFileType = image.png; path = "Simulator Screen Shot - iPhone 6 - 2018-02-04 at 09.28.00.png"; sourceTree = "<group>"; };
/* End PBXFileReference section */

/* Begin PBXFrameworksBuildPhase section */
		E0ADC1E12027530D0074AF45 /* Frameworks */ = {
			isa = PBXFrameworksBuildPhase;
			buildActionMask = 2147483647;
			files = (
			);
			runOnlyForDeploymentPostprocessing = 0;
		};
/* End PBXFrameworksBuildPhase section */

/* Begin PBXGroup section */
		E0ADC1DB2027530D0074AF45 = {
			isa = PBXGroup;
			children = (
				E0ADC1E62027530D0074AF45 /* PinterestRaywenderlich */,
				E0ADC1E52027530D0074AF45 /* Products */,
			);
			sourceTree = "<group>";
		};
		E0ADC1E52027530D0074AF45 /* Products */ = {
			isa = PBXGroup;
			children = (
				E0ADC1E42027530D0074AF45 /* PinterestRaywenderlich.app */,
			);
			name = Products;
			sourceTree = "<group>";
		};
		E0ADC1E62027530D0074AF45 /* PinterestRaywenderlich */ = {
			isa = PBXGroup;
			children = (
				E0ADC20B20277AA90074AF45 /* Simulator Screen Shot - iPhone 6 - 2018-02-04 at 09.28.00.png */,
				E0ADC20720277A9A0074AF45 /* Simulator Screen Shot - iPhone 6 - 2018-02-04 at 09.28.14.png */,
				E0ADC20920277AA40074AF45 /* Simulator Screen Shot - iPhone 6 - 2018-02-04 at 09.28.28.png */,
				E0ADC20520275A590074AF45 /* AnnotatedPhotoCell.swift */,
				E0ADC201202758E40074AF45 /* PhotoStreamViewController.swift */,
				E0ADC203202759F00074AF45 /* PinterestLayout.swift */,
				E0ADC1FF2027578E0074AF45 /* RoundedCornersView.swift */,
				E0ADC1FB2027567A0074AF45 /* Photos.plist */,
				E0ADC1FD202756B90074AF45 /* UIImage+Decompression.swift */,
				E0ADC1F9202753890074AF45 /* Photo.swift */,
				E0ADC1E72027530E0074AF45 /* AppDelegate.swift */,
				E0ADC1EB2027530E0074AF45 /* Main.storyboard */,
				E0ADC1EE2027530E0074AF45 /* Assets.xcassets */,
				E0ADC1F02027530E0074AF45 /* LaunchScreen.storyboard */,
				E0ADC1F32027530E0074AF45 /* Info.plist */,
			);
			path = PinterestRaywenderlich;
			sourceTree = "<group>";
		};
/* End PBXGroup section */

/* Begin PBXNativeTarget section */
		E0ADC1E32027530D0074AF45 /* PinterestRaywenderlich */ = {
			isa = PBXNativeTarget;
			buildConfigurationList = E0ADC1F62027530E0074AF45 /* Build configuration list for PBXNativeTarget "PinterestRaywenderlich" */;
			buildPhases = (
				E0ADC1E02027530D0074AF45 /* Sources */,
				E0ADC1E12027530D0074AF45 /* Frameworks */,
				E0ADC1E22027530D0074AF45 /* Resources */,
			);
			buildRules = (
			);
			dependencies = (
			);
			name = PinterestRaywenderlich;
			productName = PinterestRaywenderlich;
			productReference = E0ADC1E42027530D0074AF45 /* PinterestRaywenderlich.app */;
			productType = "com.apple.product-type.application";
		};
/* End PBXNativeTarget section */

/* Begin PBXProject section */
		E0ADC1DC2027530D0074AF45 /* Project object */ = {
			isa = PBXProject;
			attributes = {
				LastSwiftUpdateCheck = 0920;
				LastUpgradeCheck = 0920;
				ORGANIZATIONNAME = andiosdev;
				TargetAttributes = {
					E0ADC1E32027530D0074AF45 = {
						CreatedOnToolsVersion = 9.2;
						ProvisioningStyle = Automatic;
					};
				};
			};
			buildConfigurationList = E0ADC1DF2027530D0074AF45 /* Build configuration list for PBXProject "PinterestRaywenderlich" */;
			compatibilityVersion = "Xcode 8.0";
			developmentRegion = en;
			hasScannedForEncodings = 0;
			knownRegions = (
				en,
				Base,
			);
			mainGroup = E0ADC1DB2027530D0074AF45;
			productRefGroup = E0ADC1E52027530D0074AF45 /* Products */;
			projectDirPath = "";
			projectRoot = "";
			targets = (
				E0ADC1E32027530D0074AF45 /* PinterestRaywenderlich */,
			);
		};
/* End PBXProject section */

/* Begin PBXResourcesBuildPhase section */
		E0ADC1E22027530D0074AF45 /* Resources */ = {
			isa = PBXResourcesBuildPhase;
			buildActionMask = 2147483647;
			files = (
				E0ADC20A20277AA40074AF45 /* Simulator Screen Shot - iPhone 6 - 2018-02-04 at 09.28.28.png in Resources */,
				E0ADC1F22027530E0074AF45 /* LaunchScreen.storyboard in Resources */,
				E0ADC1EF2027530E0074AF45 /* Assets.xcassets in Resources */,
				E0ADC1ED2027530E0074AF45 /* Main.storyboard in Resources */,
				E0ADC20820277A9B0074AF45 /* Simulator Screen Shot - iPhone 6 - 2018-02-04 at 09.28.14.png in Resources */,
				E0ADC20C20277AA90074AF45 /* Simulator Screen Shot - iPhone 6 - 2018-02-04 at 09.28.00.png in Resources */,
				E0ADC1FC2027567A0074AF45 /* Photos.plist in Resources */,
			);
			runOnlyForDeploymentPostprocessing = 0;
		};
/* End PBXResourcesBuildPhase section */

/* Begin PBXSourcesBuildPhase section */
		E0ADC1E02027530D0074AF45 /* Sources */ = {
			isa = PBXSourcesBuildPhase;
			buildActionMask = 2147483647;
			files = (
				E0ADC204202759F00074AF45 /* PinterestLayout.swift in Sources */,
				E0ADC20620275A590074AF45 /* AnnotatedPhotoCell.swift in Sources */,
				E0ADC1FA202753890074AF45 /* Photo.swift in Sources */,
				E0ADC1FE202756B90074AF45 /* UIImage+Decompression.swift in Sources */,
				E0ADC202202758E50074AF45 /* PhotoStreamViewController.swift in Sources */,
				E0ADC2002027578E0074AF45 /* RoundedCornersView.swift in Sources */,
				E0ADC1E82027530E0074AF45 /* AppDelegate.swift in Sources */,
			);
			runOnlyForDeploymentPostprocessing = 0;
		};
/* End PBXSourcesBuildPhase section */

/* Begin PBXVariantGroup section */
		E0ADC1EB2027530E0074AF45 /* Main.storyboard */ = {
			isa = PBXVariantGroup;
			children = (
				E0ADC1EC2027530E0074AF45 /* Base */,
			);
			name = Main.storyboard;
			sourceTree = "<group>";
		};
		E0ADC1F02027530E0074AF45 /* LaunchScreen.storyboard */ = {
			isa = PBXVariantGroup;
			children = (
				E0ADC1F12027530E0074AF45 /* Base */,
			);
			name = LaunchScreen.storyboard;
			sourceTree = "<group>";
		};
/* End PBXVariantGroup section */

/* Begin XCBuildConfiguration section */
		E0ADC1F42027530E0074AF45 /* Debug */ = {
			isa = XCBuildConfiguration;
			buildSettings = {
				ALWAYS_SEARCH_USER_PATHS = NO;
				CLANG_ANALYZER_NONNULL = YES;
				CLANG_ANALYZER_NUMBER_OBJECT_CONVERSION = YES_AGGRESSIVE;
				CLANG_CXX_LANGUAGE_STANDARD = "gnu++14";
				CLANG_CXX_LIBRARY = "libc++";
				CLANG_ENABLE_MODULES = YES;
				CLANG_ENABLE_OBJC_ARC = YES;
				CLANG_WARN_BLOCK_CAPTURE_AUTORELEASING = YES;
				CLANG_WARN_BOOL_CONVERSION = YES;
				CLANG_WARN_COMMA = YES;
				CLANG_WARN_CONSTANT_CONVERSION = YES;
				CLANG_WARN_DIRECT_OBJC_ISA_USAGE = YES_ERROR;
				CLANG_WARN_DOCUMENTATION_COMMENTS = YES;
				CLANG_WARN_EMPTY_BODY = YES;
				CLANG_WARN_ENUM_CONVERSION = YES;
				CLANG_WARN_INFINITE_RECURSION = YES;
				CLANG_WARN_INT_CONVERSION = YES;
				CLANG_WARN_NON_LITERAL_NULL_CONVERSION = YES;
				CLANG_WARN_OBJC_LITERAL_CONVERSION = YES;
				CLANG_WARN_OBJC_ROOT_CLASS = YES_ERROR;
				CLANG_WARN_RANGE_LOOP_ANALYSIS = YES;
				CLANG_WARN_STRICT_PROTOTYPES = YES;
				CLANG_WARN_SUSPICIOUS_MOVE = YES;
				CLANG_WARN_UNGUARDED_AVAILABILITY = YES_AGGRESSIVE;
				CLANG_WARN_UNREACHABLE_CODE = YES;
				CLANG_WARN__DUPLICATE_METHOD_MATCH = YES;
				CODE_SIGN_IDENTITY = "iPhone Developer";
				COPY_PHASE_STRIP = NO;
				DEBUG_INFORMATION_FORMAT = dwarf;
				ENABLE_STRICT_OBJC_MSGSEND = YES;
				ENABLE_TESTABILITY = YES;
				GCC_C_LANGUAGE_STANDARD = gnu11;
				GCC_DYNAMIC_NO_PIC = NO;
				GCC_NO_COMMON_BLOCKS = YES;
				GCC_OPTIMIZATION_LEVEL = 0;
				GCC_PREPROCESSOR_DEFINITIONS = (
					"DEBUG=1",
					"$(inherited)",
				);
				GCC_WARN_64_TO_32_BIT_CONVERSION = YES;
				GCC_WARN_ABOUT_RETURN_TYPE = YES_ERROR;
				GCC_WARN_UNDECLARED_SELECTOR = YES;
				GCC_WARN_UNINITIALIZED_AUTOS = YES_AGGRESSIVE;
				GCC_WARN_UNUSED_FUNCTION = YES;
				GCC_WARN_UNUSED_VARIABLE = YES;
				IPHONEOS_DEPLOYMENT_TARGET = 11.2;
				MTL_ENABLE_DEBUG_INFO = YES;
				ONLY_ACTIVE_ARCH = YES;
				SDKROOT = iphoneos;
				SWIFT_ACTIVE_COMPILATION_CONDITIONS = DEBUG;
				SWIFT_OPTIMIZATION_LEVEL = "-Onone";
			};
			name = Debug;
		};
		E0ADC1F52027530E0074AF45 /* Release */ = {
			isa = XCBuildConfiguration;
			buildSettings = {
				ALWAYS_SEARCH_USER_PATHS = NO;
				CLANG_ANALYZER_NONNULL = YES;
				CLANG_ANALYZER_NUMBER_OBJECT_CONVERSION = YES_AGGRESSIVE;
				CLANG_CXX_LANGUAGE_STANDARD = "gnu++14";
				CLANG_CXX_LIBRARY = "libc++";
				CLANG_ENABLE_MODULES = YES;
				CLANG_ENABLE_OBJC_ARC = YES;
				CLANG_WARN_BLOCK_CAPTURE_AUTORELEASING = YES;
				CLANG_WARN_BOOL_CONVERSION = YES;
				CLANG_WARN_COMMA = YES;
				CLANG_WARN_CONSTANT_CONVERSION = YES;
				CLANG_WARN_DIRECT_OBJC_ISA_USAGE = YES_ERROR;
				CLANG_WARN_DOCUMENTATION_COMMENTS = YES;
				CLANG_WARN_EMPTY_BODY = YES;
				CLANG_WARN_ENUM_CONVERSION = YES;
				CLANG_WARN_INFINITE_RECURSION = YES;
				CLANG_WARN_INT_CONVERSION = YES;
				CLANG_WARN_NON_LITERAL_NULL_CONVERSION = YES;
				CLANG_WARN_OBJC_LITERAL_CONVERSION = YES;
				CLANG_WARN_OBJC_ROOT_CLASS = YES_ERROR;
				CLANG_WARN_RANGE_LOOP_ANALYSIS = YES;
				CLANG_WARN_STRICT_PROTOTYPES = YES;
				CLANG_WARN_SUSPICIOUS_MOVE = YES;
				CLANG_WARN_UNGUARDED_AVAILABILITY = YES_AGGRESSIVE;
				CLANG_WARN_UNREACHABLE_CODE = YES;
				CLANG_WARN__DUPLICATE_METHOD_MATCH = YES;
				CODE_SIGN_IDENTITY = "iPhone Developer";
				COPY_PHASE_STRIP = NO;
				DEBUG_INFORMATION_FORMAT = "dwarf-with-dsym";
				ENABLE_NS_ASSERTIONS = NO;
				ENABLE_STRICT_OBJC_MSGSEND = YES;
				GCC_C_LANGUAGE_STANDARD = gnu11;
				GCC_NO_COMMON_BLOCKS = YES;
				GCC_WARN_64_TO_32_BIT_CONVERSION = YES;
				GCC_WARN_ABOUT_RETURN_TYPE = YES_ERROR;
				GCC_WARN_UNDECLARED_SELECTOR = YES;
				GCC_WARN_UNINITIALIZED_AUTOS = YES_AGGRESSIVE;
				GCC_WARN_UNUSED_FUNCTION = YES;
				GCC_WARN_UNUSED_VARIABLE = YES;
				IPHONEOS_DEPLOYMENT_TARGET = 11.2;
				MTL_ENABLE_DEBUG_INFO = NO;
				SDKROOT = iphoneos;
				SWIFT_OPTIMIZATION_LEVEL = "-Owholemodule";
				VALIDATE_PRODUCT = YES;
			};
			name = Release;
		};
		E0ADC1F72027530E0074AF45 /* Debug */ = {
			isa = XCBuildConfiguration;
			buildSettings = {
				ASSETCATALOG_COMPILER_APPICON_NAME = AppIcon;
				CODE_SIGN_STYLE = Automatic;
				INFOPLIST_FILE = PinterestRaywenderlich/Info.plist;
				LD_RUNPATH_SEARCH_PATHS = "$(inherited) @executable_path/Frameworks";
				PRODUCT_BUNDLE_IDENTIFIER = com.hpIos.PinterestRaywenderlich;
				PRODUCT_NAME = "$(TARGET_NAME)";
				SWIFT_VERSION = 4.0;
				TARGETED_DEVICE_FAMILY = "1,2";
			};
			name = Debug;
		};
		E0ADC1F82027530E0074AF45 /* Release */ = {
			isa = XCBuildConfiguration;
			buildSettings = {
				ASSETCATALOG_COMPILER_APPICON_NAME = AppIcon;
				CODE_SIGN_STYLE = Automatic;
				INFOPLIST_FILE = PinterestRaywenderlich/Info.plist;
				LD_RUNPATH_SEARCH_PATHS = "$(inherited) @executable_path/Frameworks";
				PRODUCT_BUNDLE_IDENTIFIER = com.hpIos.PinterestRaywenderlich;
				PRODUCT_NAME = "$(TARGET_NAME)";
				SWIFT_VERSION = 4.0;
				TARGETED_DEVICE_FAMILY = "1,2";
			};
			name = Release;
		};
/* End XCBuildConfiguration section */

/* Begin XCConfigurationList section */
		E0ADC1DF2027530D0074AF45 /* Build configuration list for PBXProject "PinterestRaywenderlich" */ = {
			isa = XCConfigurationList;
			buildConfigurations = (
				E0ADC1F42027530E0074AF45 /* Debug */,
				E0ADC1F52027530E0074AF45 /* Release */,
			);
			defaultConfigurationIsVisible = 0;
			defaultConfigurationName = Release;
		};
		E0ADC1F62027530E0074AF45 /* Build configuration list for PBXNativeTarget "PinterestRaywenderlich" */ = {
			isa = XCConfigurationList;
			buildConfigurations = (
				E0ADC1F72027530E0074AF45 /* Debug */,
				E0ADC1F82027530E0074AF45 /* Release */,
			);
			defaultConfigurationIsVisible = 0;
			defaultConfigurationName = Release;
		};
/* End XCConfigurationList section */
	};
	rootObject = E0ADC1DC2027530D0074AF45 /* Project object */;
}
